
Microsoft Visual Studio Solution File, Format Version 12.00
# Visual Studio 15
Project("{FAE04EC0-301F-11D3-BF4B-00C04F79EFBC}") = "Assembly-CSharp", "Assembly-CSharp.csproj", "{7570EAF6-2B15-062E-5961-37A4B98F82E6}"
EndProject
Project("{FAE04EC0-301F-11D3-BF4B-00C04F79EFBC}") = "Assembly-CSharp-firstpass", "Assembly-CSharp-firstpass.csproj", "{4628FA25-021B-D2F3-2453-798617B97F9F}"
EndProject
Project("{FAE04EC0-301F-11D3-BF4B-00C04F79EFBC}") = "Assembly-CSharp-Editor-firstpass", "Assembly-CSharp-Editor-firstpass.csproj", "{CD59E119-C853-CC25-3EE2-0C17F3933C8A}"
EndProject
Project("{FAE04EC0-301F-11D3-BF4B-00C04F79EFBC}") = "Assembly-CSharp-Editor", "Assembly-CSharp-Editor.csproj", "{35CC32D7-1FDB-6563-15B2-19216FC70A31}"
EndProject
Global
	GlobalSection(SolutionConfigurationPlatforms) = preSolution
		Debug|Any CPU = Debug|Any CPU
		Release|Any CPU = Release|Any CPU
	EndGlobalSection
	GlobalSection(ProjectConfigurationPlatforms) = postSolution
		{7570EAF6-2B15-062E-5961-37A4B98F82E6}.Debug|Any CPU.ActiveCfg = Debug|Any CPU
		{7570EAF6-2B15-062E-5961-37A4B98F82E6}.Debug|Any CPU.Build.0 = Debug|Any CPU
		{7570EAF6-2B15-062E-5961-37A4B98F82E6}.Release|Any CPU.ActiveCfg = Release|Any CPU
		{7570EAF6-2B15-062E-5961-37A4B98F82E6}.Release|Any CPU.Build.0 = Release|Any CPU
		{4628FA25-021B-D2F3-2453-798617B97F9F}.Debug|Any CPU.ActiveCfg = Debug|Any CPU
		{4628FA25-021B-D2F3-2453-798617B97F9F}.Debug|Any CPU.Build.0 = Debug|Any CPU
		{4628FA25-021B-D2F3-2453-798617B97F9F}.Release|Any CPU.ActiveCfg = Release|Any CPU
		{4628FA25-021B-D2F3-2453-798617B97F9F}.Release|Any CPU.Build.0 = Release|Any CPU
		{CD59E119-C853-CC25-3EE2-0C17F3933C8A}.Debug|Any CPU.ActiveCfg = Debug|Any CPU
		{CD59E119-C853-CC25-3EE2-0C17F3933C8A}.Debug|Any CPU.Build.0 = Debug|Any CPU
		{CD59E119-C853-CC25-3EE2-0C17F3933C8A}.Release|Any CPU.ActiveCfg = Release|Any CPU
		{CD59E119-C853-CC25-3EE2-0C17F3933C8A}.Release|Any CPU.Build.0 = Release|Any CPU
		{35CC32D7-1FDB-6563-15B2-19216FC70A31}.Debug|Any CPU.ActiveCfg = Debug|Any CPU
		{35CC32D7-1FDB-6563-15B2-19216FC70A31}.Debug|Any CPU.Build.0 = Debug|Any CPU
		{35CC32D7-1FDB-6563-15B2-19216FC70A31}.Release|Any CPU.ActiveCfg = Release|Any CPU
		{35CC32D7-1FDB-6563-15B2-19216FC70A31}.Release|Any CPU.Build.0 = Release|Any CPU
	EndGlobalSection
	GlobalSection(SolutionProperties) = preSolution
		HideSolutionNode = FALSE
	EndGlobalSection
EndGlobal
